
Microsoft Visual Studio Solution File, Format Version 12.00
# Visual Studio 15
VisualStudioVersion = 15.0.28307.271
MinimumVisualStudioVersion = 10.0.40219.1
Project("{FAE04EC0-301F-11D3-BF4B-00C04F79EFBC}") = "Cadastros", "Cadastros\Cadastros.csproj", "{DB79CE88-9655-4D1E-AB90-65CBCE48096C}"
EndProject
Global
	GlobalSection(SolutionConfigurationPlatforms) = preSolution
		Debug|Any CPU = Debug|Any CPU
		Release|Any CPU = Release|Any CPU
	EndGlobalSection
	GlobalSection(ProjectConfigurationPlatforms) = postSolution
		{DB79CE88-9655-4D1E-AB90-65CBCE48096C}.Debug|Any CPU.ActiveCfg = Debug|Any CPU
		{DB79CE88-9655-4D1E-AB90-65CBCE48096C}.Debug|Any CPU.Build.0 = Debug|Any CPU
		{DB79CE88-9655-4D1E-AB90-65CBCE48096C}.Release|Any CPU.ActiveCfg = Release|Any CPU
		{DB79CE88-9655-4D1E-AB90-65CBCE48096C}.Release|Any CPU.Build.0 = Release|Any CPU
	EndGlobalSection
	GlobalSection(SolutionProperties) = preSolution
		HideSolutionNode = FALSE
	EndGlobalSection
	GlobalSection(ExtensibilityGlobals) = postSolution
		SolutionGuid = {3D548467-AF8D-44D3-AE6E-A5A423FF0E82}
	EndGlobalSection
EndGlobal
